Microsoft Visual Studio Solution File, Format Version 12.00
# Visual Studio Version 17
VisualStudioVersion = 17.5.2.0
MinimumVisualStudioVersion = 10.0.40219.1
Project("{2150E333-8FDC-42A3-9474-1A3956D46DE8}") = "orchestrator-dotnet", "orchestrator-dotnet", "{94CC238A-12AC-7B4D-0AEC-1EDA43EA6A15}"
EndProject
Project("{FAE04EC0-301F-11D3-BF4B-00C04F79EFBC}") = "Orchestrator", "orchestrator-dotnet\src\Orchestrator.csproj", "{AAA1D266-2BB6-C720-054F-05CAE491719F}"
EndProject
Global
	GlobalSection(SolutionConfigurationPlatforms) = preSolution
		Debug|Any CPU = Debug|Any CPU
		Release|Any CPU = Release|Any CPU
	EndGlobalSection
	GlobalSection(ProjectConfigurationPlatforms) = postSolution
		{AAA1D266-2BB6-C720-054F-05CAE491719F}.Debug|Any CPU.ActiveCfg = Debug|Any CPU
		{AAA1D266-2BB6-C720-054F-05CAE491719F}.Debug|Any CPU.Build.0 = Debug|Any CPU
		{AAA1D266-2BB6-C720-054F-05CAE491719F}.Release|Any CPU.ActiveCfg = Release|Any CPU
		{AAA1D266-2BB6-C720-054F-05CAE491719F}.Release|Any CPU.Build.0 = Release|Any CPU
	EndGlobalSection
	GlobalSection(SolutionProperties) = preSolution
		HideSolutionNode = FALSE
	EndGlobalSection
	GlobalSection(NestedProjects) = preSolution
		{AAA1D266-2BB6-C720-054F-05CAE491719F} = {94CC238A-12AC-7B4D-0AEC-1EDA43EA6A15}
	EndGlobalSection
	GlobalSection(ExtensibilityGlobals) = postSolution
		SolutionGuid = {BE2B6ADD-A8F5-46AA-BCC6-586B3EAF8DA7}
	EndGlobalSection
EndGlobal
